
Microsoft Visual Studio Solution File, Format Version 12.00
# Visual Studio 14
VisualStudioVersion = 14.0.25420.1
MinimumVisualStudioVersion = 10.0.40219.1
Project("{FAE04EC0-301F-11D3-BF4B-00C04F79EFBC}") = "Turning", "Turning\Turning.csproj", "{16842415-5BB2-4F1D-9469-3462FEBC77CD}"
	ProjectSection(ProjectDependencies) = postProject
		{E8F42EA5-7F82-4954-AFD6-CFDFDF17222B} = {E8F42EA5-7F82-4954-AFD6-CFDFDF17222B}
	EndProjectSection
EndProject
Project("{FAE04EC0-301F-11D3-BF4B-00C04F79EFBC}") = "TurningModel", "TurningModel\TurningModel.csproj", "{E8F42EA5-7F82-4954-AFD6-CFDFDF17222B}"
EndProject
Project("{FAE04EC0-301F-11D3-BF4B-00C04F79EFBC}") = "TurningModel.Tests", "TurningModel.Tests\TurningModel.Tests.csproj", "{2117C16B-F83C-4C61-9E06-C4A9EBEEE01C}"
EndProject
Global
	GlobalSection(SolutionConfigurationPlatforms) = preSolution
		Debug|Any CPU = Debug|Any CPU
		Debug|ARM = Debug|ARM
		Debug|x64 = Debug|x64
		Debug|x86 = Debug|x86
		Release|Any CPU = Release|Any CPU
		Release|ARM = Release|ARM
		Release|x64 = Release|x64
		Release|x86 = Release|x86
	EndGlobalSection
	GlobalSection(ProjectConfigurationPlatforms) = postSolution
		{16842415-5BB2-4F1D-9469-3462FEBC77CD}.Debug|Any CPU.ActiveCfg = Debug|Any CPU
		{16842415-5BB2-4F1D-9469-3462FEBC77CD}.Debug|Any CPU.Build.0 = Debug|Any CPU
		{16842415-5BB2-4F1D-9469-3462FEBC77CD}.Debug|ARM.ActiveCfg = Debug|Any CPU
		{16842415-5BB2-4F1D-9469-3462FEBC77CD}.Debug|ARM.Build.0 = Debug|Any CPU
		{16842415-5BB2-4F1D-9469-3462FEBC77CD}.Debug|x64.ActiveCfg = Debug|Any CPU
		{16842415-5BB2-4F1D-9469-3462FEBC77CD}.Debug|x64.Build.0 = Debug|Any CPU
		{16842415-5BB2-4F1D-9469-3462FEBC77CD}.Debug|x86.ActiveCfg = Debug|Any CPU
		{16842415-5BB2-4F1D-9469-3462FEBC77CD}.Debug|x86.Build.0 = Debug|Any CPU
		{16842415-5BB2-4F1D-9469-3462FEBC77CD}.Release|Any CPU.ActiveCfg = Release|Any CPU
		{16842415-5BB2-4F1D-9469-3462FEBC77CD}.Release|Any CPU.Build.0 = Release|Any CPU
		{16842415-5BB2-4F1D-9469-3462FEBC77CD}.Release|ARM.ActiveCfg = Release|Any CPU
		{16842415-5BB2-4F1D-9469-3462FEBC77CD}.Release|ARM.Build.0 = Release|Any CPU
		{16842415-5BB2-4F1D-9469-3462FEBC77CD}.Release|x64.ActiveCfg = Release|Any CPU
		{16842415-5BB2-4F1D-9469-3462FEBC77CD}.Release|x64.Build.0 = Release|Any CPU
		{16842415-5BB2-4F1D-9469-3462FEBC77CD}.Release|x86.ActiveCfg = Release|Any CPU
		{16842415-5BB2-4F1D-9469-3462FEBC77CD}.Release|x86.Build.0 = Release|Any CPU
		{E8F42EA5-7F82-4954-AFD6-CFDFDF17222B}.Debug|Any CPU.ActiveCfg = Debug|Any CPU
		{E8F42EA5-7F82-4954-AFD6-CFDFDF17222B}.Debug|Any CPU.Build.0 = Debug|Any CPU
		{E8F42EA5-7F82-4954-AFD6-CFDFDF17222B}.Debug|ARM.ActiveCfg = Debug|Any CPU
		{E8F42EA5-7F82-4954-AFD6-CFDFDF17222B}.Debug|ARM.Build.0 = Debug|Any CPU
		{E8F42EA5-7F82-4954-AFD6-CFDFDF17222B}.Debug|x64.ActiveCfg = Debug|Any CPU
		{E8F42EA5-7F82-4954-AFD6-CFDFDF17222B}.Debug|x64.Build.0 = Debug|Any CPU
		{E8F42EA5-7F82-4954-AFD6-CFDFDF17222B}.Debug|x86.ActiveCfg = Debug|Any CPU
		{E8F42EA5-7F82-4954-AFD6-CFDFDF17222B}.Debug|x86.Build.0 = Debug|Any CPU
		{E8F42EA5-7F82-4954-AFD6-CFDFDF17222B}.Release|Any CPU.ActiveCfg = Release|Any CPU
		{E8F42EA5-7F82-4954-AFD6-CFDFDF17222B}.Release|Any CPU.Build.0 = Release|Any CPU
		{E8F42EA5-7F82-4954-AFD6-CFDFDF17222B}.Release|ARM.ActiveCfg = Release|Any CPU
		{E8F42EA5-7F82-4954-AFD6-CFDFDF17222B}.Release|ARM.Build.0 = Release|Any CPU
		{E8F42EA5-7F82-4954-AFD6-CFDFDF17222B}.Release|x64.ActiveCfg = Release|Any CPU
		{E8F42EA5-7F82-4954-AFD6-CFDFDF17222B}.Release|x64.Build.0 = Release|Any CPU
		{E8F42EA5-7F82-4954-AFD6-CFDFDF17222B}.Release|x86.ActiveCfg = Release|Any CPU
		{E8F42EA5-7F82-4954-AFD6-CFDFDF17222B}.Release|x86.Build.0 = Release|Any CPU
		{2117C16B-F83C-4C61-9E06-C4A9EBEEE01C}.Debug|Any CPU.ActiveCfg = Debug|Any CPU
		{2117C16B-F83C-4C61-9E06-C4A9EBEEE01C}.Debug|Any CPU.Build.0 = Debug|Any CPU
		{2117C16B-F83C-4C61-9E06-C4A9EBEEE01C}.Debug|ARM.ActiveCfg = Debug|Any CPU
		{2117C16B-F83C-4C61-9E06-C4A9EBEEE01C}.Debug|ARM.Build.0 = Debug|Any CPU
		{2117C16B-F83C-4C61-9E06-C4A9EBEEE01C}.Debug|x64.ActiveCfg = Debug|Any CPU
		{2117C16B-F83C-4C61-9E06-C4A9EBEEE01C}.Debug|x64.Build.0 = Debug|Any CPU
		{2117C16B-F83C-4C61-9E06-C4A9EBEEE01C}.Debug|x86.ActiveCfg = Debug|Any CPU
		{2117C16B-F83C-4C61-9E06-C4A9EBEEE01C}.Debug|x86.Build.0 = Debug|Any CPU
		{2117C16B-F83C-4C61-9E06-C4A9EBEEE01C}.Release|Any CPU.ActiveCfg = Release|Any CPU
		{2117C16B-F83C-4C61-9E06-C4A9EBEEE01C}.Release|Any CPU.Build.0 = Release|Any CPU
		{2117C16B-F83C-4C61-9E06-C4A9EBEEE01C}.Release|ARM.ActiveCfg = Release|Any CPU
		{2117C16B-F83C-4C61-9E06-C4A9EBEEE01C}.Release|ARM.Build.0 = Release|Any CPU
		{2117C16B-F83C-4C61-9E06-C4A9EBEEE01C}.Release|x64.ActiveCfg = Release|Any CPU
		{2117C16B-F83C-4C61-9E06-C4A9EBEEE01C}.Release|x64.Build.0 = Release|Any CPU
		{2117C16B-F83C-4C61-9E06-C4A9EBEEE01C}.Release|x86.ActiveCfg = Release|Any CPU
		{2117C16B-F83C-4C61-9E06-C4A9EBEEE01C}.Release|x86.Build.0 = Release|Any CPU
	EndGlobalSection
	GlobalSection(SolutionProperties) = preSolution
		HideSolutionNode = FALSE
	EndGlobalSection
EndGlobal
